
Microsoft Visual Studio Solution File, Format Version 12.00
# Visual Studio Version 17
VisualStudioVersion = 17.6.33723.286
MinimumVisualStudioVersion = 10.0.40219.1
Project("{FAE04EC0-301F-11D3-BF4B-00C04F79EFBC}") = "WpfEmployeeManager", "WpfEmployeeManager\WpfEmployeeManager.csproj", "{F62FCE01-700E-4688-A6AB-FD4199171790}"
EndProject
Global
	GlobalSection(SolutionConfigurationPlatforms) = preSolution
		Debug|Any CPU = Debug|Any CPU
		Release|Any CPU = Release|Any CPU
	EndGlobalSection
	GlobalSection(ProjectConfigurationPlatforms) = postSolution
		{F62FCE01-700E-4688-A6AB-FD4199171790}.Debug|Any CPU.ActiveCfg = Debug|Any CPU
		{F62FCE01-700E-4688-A6AB-FD4199171790}.Debug|Any CPU.Build.0 = Debug|Any CPU
		{F62FCE01-700E-4688-A6AB-FD4199171790}.Release|Any CPU.ActiveCfg = Release|Any CPU
		{F62FCE01-700E-4688-A6AB-FD4199171790}.Release|Any CPU.Build.0 = Release|Any CPU
	EndGlobalSection
	GlobalSection(SolutionProperties) = preSolution
		HideSolutionNode = FALSE
	EndGlobalSection
	GlobalSection(ExtensibilityGlobals) = postSolution
		SolutionGuid = {F64A414A-264D-4EE1-AD7D-A6DDDDB7618B}
	EndGlobalSection
EndGlobal
